// !$*UTF8*$!
{
	archiveVersion = 1;
	classes = {
	};
	objectVersion = 55;
	objects = {

/* Begin PBXBuildFile section */
		D32BFBDA27C41F8900330F5F /* leek_app.swift in Sources */ = {isa = PBXBuildFile; fileRef = D32BFBD027C41F8900330F5F /* leek_app.swift */; };
		D32BFBDB27C41F8900330F5F /* word_database.swift in Sources */ = {isa = PBXBuildFile; fileRef = D32BFBD227C41F8900330F5F /* word_database.swift */; };
		D32BFBDC27C41F8900330F5F /* word.swift in Sources */ = {isa = PBXBuildFile; fileRef = D32BFBD327C41F8900330F5F /* word.swift */; };
		D32BFBDD27C41F8900330F5F /* word_view.swift in Sources */ = {isa = PBXBuildFile; fileRef = D32BFBD527C41F8900330F5F /* word_view.swift */; };
		D32BFBDE27C41F8900330F5F /* words_controller.swift in Sources */ = {isa = PBXBuildFile; fileRef = D32BFBD627C41F8900330F5F /* words_controller.swift */; };
		D32BFBDF27C41F8900330F5F /* content_view.swift in Sources */ = {isa = PBXBuildFile; fileRef = D32BFBD727C41F8900330F5F /* content_view.swift */; };
		D32BFBE027C41F8900330F5F /* saved_word_list_view.swift in Sources */ = {isa = PBXBuildFile; fileRef = D32BFBD827C41F8900330F5F /* saved_word_list_view.swift */; };
		D32BFBE827C42E1F00330F5F /* oxford_query_utility.swift in Sources */ = {isa = PBXBuildFile; fileRef = D32BFBE727C42E1F00330F5F /* oxford_query_utility.swift */; };
		D32BFBEA27C4787400330F5F /* oxford_response.swift in Sources */ = {isa = PBXBuildFile; fileRef = D32BFBE927C4787400330F5F /* oxford_response.swift */; };
		D3B234E127E3C8F000779A6C /* word_of_the_day_entries.swift in Sources */ = {isa = PBXBuildFile; fileRef = D3B234E027E3C8F000779A6C /* word_of_the_day_entries.swift */; };
		D3B2806427DC1B2B00C0CA9D /* Assets.xcassets in Resources */ = {isa = PBXBuildFile; fileRef = D3B2805D27DC1B2B00C0CA9D /* Assets.xcassets */; };
		D3B2806527DC1B2B00C0CA9D /* CarterOne-Regular.ttf in Resources */ = {isa = PBXBuildFile; fileRef = D3B2805F27DC1B2B00C0CA9D /* CarterOne-Regular.ttf */; };
		D3B2806727DC1B2B00C0CA9D /* Preview Assets.xcassets in Resources */ = {isa = PBXBuildFile; fileRef = D3B2806327DC1B2B00C0CA9D /* Preview Assets.xcassets */; };
		D3B2807227DE7EEC00C0CA9D /* saved_word_list_item_view.swift in Sources */ = {isa = PBXBuildFile; fileRef = D3B2807127DE7EEC00C0CA9D /* saved_word_list_item_view.swift */; };
		D3B2807427DE818700C0CA9D /* drawing_constants.swift in Sources */ = {isa = PBXBuildFile; fileRef = D3B2807327DE818700C0CA9D /* drawing_constants.swift */; };
		D3B2807627DED75900C0CA9D /* word_pronunciation.swift in Sources */ = {isa = PBXBuildFile; fileRef = D3B2807527DED75900C0CA9D /* word_pronunciation.swift */; };
		D3B2807827E04EB900C0CA9D /* word_of_the_day_view.swift in Sources */ = {isa = PBXBuildFile; fileRef = D3B2807727E04EB900C0CA9D /* word_of_the_day_view.swift */; };
		D3E696C327DC127F006F9623 /* word_data.swift in Sources */ = {isa = PBXBuildFile; fileRef = D3E696C227DC127F006F9623 /* word_data.swift */; };
		D3E696C527DC12C1006F9623 /* word_example.swift in Sources */ = {isa = PBXBuildFile; fileRef = D3E696C427DC12C1006F9623 /* word_example.swift */; };
		D3E696C727DC12F2006F9623 /* word_sense.swift in Sources */ = {isa = PBXBuildFile; fileRef = D3E696C627DC12F2006F9623 /* word_sense.swift */; };
		D3E696C927DC130B006F9623 /* word_entry.swift in Sources */ = {isa = PBXBuildFile; fileRef = D3E696C827DC130B006F9623 /* word_entry.swift */; };
		D3E696CB27DC135F006F9623 /* lexical_category.swift in Sources */ = {isa = PBXBuildFile; fileRef = D3E696CA27DC135F006F9623 /* lexical_category.swift */; };
		D3E696CD27DC1381006F9623 /* lexical_entry.swift in Sources */ = {isa = PBXBuildFile; fileRef = D3E696CC27DC1381006F9623 /* lexical_entry.swift */; };
/* End PBXBuildFile section */

/* Begin PBXFileReference section */
		D32BFBBD27C41F0F00330F5F /* leek.app */ = {isa = PBXFileReference; explicitFileType = wrapper.application; includeInIndex = 0; path = leek.app; sourceTree = BUILT_PRODUCTS_DIR; };
		D32BFBD027C41F8900330F5F /* leek_app.swift */ = {isa = PBXFileReference; fileEncoding = 4; lastKnownFileType = sourcecode.swift; path = leek_app.swift; sourceTree = "<group>"; };
		D32BFBD227C41F8900330F5F /* word_database.swift */ = {isa = PBXFileReference; fileEncoding = 4; lastKnownFileType = sourcecode.swift; path = word_database.swift; sourceTree = "<group>"; };
		D32BFBD327C41F8900330F5F /* word.swift */ = {isa = PBXFileReference; fileEncoding = 4; lastKnownFileType = sourcecode.swift; path = word.swift; sourceTree = "<group>"; };
		D32BFBD527C41F8900330F5F /* word_view.swift */ = {isa = PBXFileReference; fileEncoding = 4; lastKnownFileType = sourcecode.swift; path = word_view.swift; sourceTree = "<group>"; };
		D32BFBD627C41F8900330F5F /* words_controller.swift */ = {isa = PBXFileReference; fileEncoding = 4; lastKnownFileType = sourcecode.swift; path = words_controller.swift; sourceTree = "<group>"; };
		D32BFBD727C41F8900330F5F /* content_view.swift */ = {isa = PBXFileReference; fileEncoding = 4; lastKnownFileType = sourcecode.swift; path = content_view.swift; sourceTree = "<group>"; };
		D32BFBD827C41F8900330F5F /* saved_word_list_view.swift */ = {isa = PBXFileReference; fileEncoding = 4; lastKnownFileType = sourcecode.swift; path = saved_word_list_view.swift; sourceTree = "<group>"; };
		D32BFBE727C42E1F00330F5F /* oxford_query_utility.swift */ = {isa = PBXFileReference; fileEncoding = 4; lastKnownFileType = sourcecode.swift; path = oxford_query_utility.swift; sourceTree = "<group>"; };
		D32BFBE927C4787400330F5F /* oxford_response.swift */ = {isa = PBXFileReference; lastKnownFileType = sourcecode.swift; path = oxford_response.swift; sourceTree = "<group>"; };
		D3B234E027E3C8F000779A6C /* word_of_the_day_entries.swift */ = {isa = PBXFileReference; lastKnownFileType = sourcecode.swift; path = word_of_the_day_entries.swift; sourceTree = "<group>"; };
		D3B2805D27DC1B2B00C0CA9D /* Assets.xcassets */ = {isa = PBXFileReference; lastKnownFileType = folder.assetcatalog; path = Assets.xcassets; sourceTree = "<group>"; };
		D3B2805F27DC1B2B00C0CA9D /* CarterOne-Regular.ttf */ = {isa = PBXFileReference; lastKnownFileType = file; path = "CarterOne-Regular.ttf"; sourceTree = "<group>"; };
		D3B2806327DC1B2B00C0CA9D /* Preview Assets.xcassets */ = {isa = PBXFileReference; lastKnownFileType = folder.assetcatalog; path = "Preview Assets.xcassets"; sourceTree = "<group>"; };
		D3B2807127DE7EEC00C0CA9D /* saved_word_list_item_view.swift */ = {isa = PBXFileReference; lastKnownFileType = sourcecode.swift; path = saved_word_list_item_view.swift; sourceTree = "<group>"; };
		D3B2807327DE818700C0CA9D /* drawing_constants.swift */ = {isa = PBXFileReference; lastKnownFileType = sourcecode.swift; path = drawing_constants.swift; sourceTree = "<group>"; };
		D3B2807527DED75900C0CA9D /* word_pronunciation.swift */ = {isa = PBXFileReference; lastKnownFileType = sourcecode.swift; path = word_pronunciation.swift; sourceTree = "<group>"; };
		D3B2807727E04EB900C0CA9D /* word_of_the_day_view.swift */ = {isa = PBXFileReference; lastKnownFileType = sourcecode.swift; path = word_of_the_day_view.swift; sourceTree = "<group>"; };
		D3E696C227DC127F006F9623 /* word_data.swift */ = {isa = PBXFileReference; fileEncoding = 4; lastKnownFileType = sourcecode.swift; path = word_data.swift; sourceTree = "<group>"; };
		D3E696C427DC12C1006F9623 /* word_example.swift */ = {isa = PBXFileReference; lastKnownFileType = sourcecode.swift; path = word_example.swift; sourceTree = "<group>"; };
		D3E696C627DC12F2006F9623 /* word_sense.swift */ = {isa = PBXFileReference; lastKnownFileType = sourcecode.swift; path = word_sense.swift; sourceTree = "<group>"; };
		D3E696C827DC130B006F9623 /* word_entry.swift */ = {isa = PBXFileReference; lastKnownFileType = sourcecode.swift; path = word_entry.swift; sourceTree = "<group>"; };
		D3E696CA27DC135F006F9623 /* lexical_category.swift */ = {isa = PBXFileReference; lastKnownFileType = sourcecode.swift; path = lexical_category.swift; sourceTree = "<group>"; };
		D3E696CC27DC1381006F9623 /* lexical_entry.swift */ = {isa = PBXFileReference; lastKnownFileType = sourcecode.swift; path = lexical_entry.swift; sourceTree = "<group>"; };
/* End PBXFileReference section */

/* Begin PBXFrameworksBuildPhase section */
		D32BFBBA27C41F0F00330F5F /* Frameworks */ = {
			isa = PBXFrameworksBuildPhase;
			buildActionMask = 2147483647;
			files = (
			);
			runOnlyForDeploymentPostprocessing = 0;
		};
/* End PBXFrameworksBuildPhase section */

/* Begin PBXGroup section */
		D32BFBB427C41F0F00330F5F = {
			isa = PBXGroup;
			children = (
				D32BFBBF27C41F0F00330F5F /* leek */,
				D32BFBBE27C41F0F00330F5F /* Products */,
			);
			sourceTree = "<group>";
		};
		D32BFBBE27C41F0F00330F5F /* Products */ = {
			isa = PBXGroup;
			children = (
				D32BFBBD27C41F0F00330F5F /* leek.app */,
			);
			name = Products;
			sourceTree = "<group>";
		};
		D32BFBBF27C41F0F00330F5F /* leek */ = {
			isa = PBXGroup;
			children = (
				D3B2806227DC1B2B00C0CA9D /* Preview Content */,
				D3B2805C27DC1B2B00C0CA9D /* resources */,
				D32BFBE627C42E1F00330F5F /* utility */,
				D32BFBD027C41F8900330F5F /* leek_app.swift */,
				D32BFBD427C41F8900330F5F /* views */,
				D32BFBD127C41F8900330F5F /* model */,
				D3DB0E2927CBD869006D52D0 /* controllers */,
			);
			path = leek;
			sourceTree = "<group>";
		};
		D32BFBD127C41F8900330F5F /* model */ = {
			isa = PBXGroup;
			children = (
				D3E696C127DC127F006F9623 /* word */,
				D32BFBE927C4787400330F5F /* oxford_response.swift */,
				D32BFBD227C41F8900330F5F /* word_database.swift */,
			);
			path = model;
			sourceTree = "<group>";
		};
		D32BFBD427C41F8900330F5F /* views */ = {
			isa = PBXGroup;
			children = (
				D32BFBD727C41F8900330F5F /* content_view.swift */,
				D3B2807727E04EB900C0CA9D /* word_of_the_day_view.swift */,
				D32BFBD827C41F8900330F5F /* saved_word_list_view.swift */,
				D3B2807127DE7EEC00C0CA9D /* saved_word_list_item_view.swift */,
				D32BFBD527C41F8900330F5F /* word_view.swift */,
				D3B2807327DE818700C0CA9D /* drawing_constants.swift */,
			);
			path = views;
			sourceTree = "<group>";
		};
		D32BFBE627C42E1F00330F5F /* utility */ = {
			isa = PBXGroup;
			children = (
				D32BFBE727C42E1F00330F5F /* oxford_query_utility.swift */,
				D3B234E027E3C8F000779A6C /* word_of_the_day_entries.swift */,
			);
			path = utility;
			sourceTree = "<group>";
		};
		D3B2805C27DC1B2B00C0CA9D /* resources */ = {
			isa = PBXGroup;
			children = (
				D3B2805D27DC1B2B00C0CA9D /* Assets.xcassets */,
				D3B2805E27DC1B2B00C0CA9D /* fonts */,
			);
			path = resources;
			sourceTree = "<group>";
		};
		D3B2805E27DC1B2B00C0CA9D /* fonts */ = {
			isa = PBXGroup;
			children = (
				D3B2805F27DC1B2B00C0CA9D /* CarterOne-Regular.ttf */,
			);
			path = fonts;
			sourceTree = "<group>";
		};
		D3B2806227DC1B2B00C0CA9D /* Preview Content */ = {
			isa = PBXGroup;
			children = (
				D3B2806327DC1B2B00C0CA9D /* Preview Assets.xcassets */,
			);
			path = "Preview Content";
			sourceTree = "<group>";
		};
		D3DB0E2927CBD869006D52D0 /* controllers */ = {
			isa = PBXGroup;
			children = (
				D32BFBD627C41F8900330F5F /* words_controller.swift */,
			);
			path = controllers;
			sourceTree = "<group>";
		};
		D3E696C127DC127F006F9623 /* word */ = {
			isa = PBXGroup;
			children = (
				D32BFBD327C41F8900330F5F /* word.swift */,
				D3E696C227DC127F006F9623 /* word_data.swift */,
				D3E696CC27DC1381006F9623 /* lexical_entry.swift */,
				D3E696CA27DC135F006F9623 /* lexical_category.swift */,
				D3E696C427DC12C1006F9623 /* word_example.swift */,
				D3E696C827DC130B006F9623 /* word_entry.swift */,
				D3E696C627DC12F2006F9623 /* word_sense.swift */,
				D3B2807527DED75900C0CA9D /* word_pronunciation.swift */,
			);
			path = word;
			sourceTree = "<group>";
		};
/* End PBXGroup section */

/* Begin PBXNativeTarget section */
		D32BFBBC27C41F0F00330F5F /* leek */ = {
			isa = PBXNativeTarget;
			buildConfigurationList = D32BFBCB27C41F1200330F5F /* Build configuration list for PBXNativeTarget "leek" */;
			buildPhases = (
				D32BFBB927C41F0F00330F5F /* Sources */,
				D32BFBBA27C41F0F00330F5F /* Frameworks */,
				D32BFBBB27C41F0F00330F5F /* Resources */,
			);
			buildRules = (
			);
			dependencies = (
			);
			name = leek;
			productName = leek;
			productReference = D32BFBBD27C41F0F00330F5F /* leek.app */;
			productType = "com.apple.product-type.application";
		};
/* End PBXNativeTarget section */

/* Begin PBXProject section */
		D32BFBB527C41F0F00330F5F /* Project object */ = {
			isa = PBXProject;
			attributes = {
				BuildIndependentTargetsInParallel = 1;
				LastSwiftUpdateCheck = 1320;
				LastUpgradeCheck = 1320;
				TargetAttributes = {
					D32BFBBC27C41F0F00330F5F = {
						CreatedOnToolsVersion = 13.2.1;
						LastSwiftMigration = 1320;
					};
				};
			};
			buildConfigurationList = D32BFBB827C41F0F00330F5F /* Build configuration list for PBXProject "leek" */;
			compatibilityVersion = "Xcode 13.0";
			developmentRegion = en;
			hasScannedForEncodings = 0;
			knownRegions = (
				en,
				Base,
			);
			mainGroup = D32BFBB427C41F0F00330F5F;
			productRefGroup = D32BFBBE27C41F0F00330F5F /* Products */;
			projectDirPath = "";
			projectRoot = "";
			targets = (
				D32BFBBC27C41F0F00330F5F /* leek */,
			);
		};
/* End PBXProject section */

/* Begin PBXResourcesBuildPhase section */
		D32BFBBB27C41F0F00330F5F /* Resources */ = {
			isa = PBXResourcesBuildPhase;
			buildActionMask = 2147483647;
			files = (
				D3B2806427DC1B2B00C0CA9D /* Assets.xcassets in Resources */,
				D3B2806727DC1B2B00C0CA9D /* Preview Assets.xcassets in Resources */,
				D3B2806527DC1B2B00C0CA9D /* CarterOne-Regular.ttf in Resources */,
			);
			runOnlyForDeploymentPostprocessing = 0;
		};
/* End PBXResourcesBuildPhase section */

/* Begin PBXSourcesBuildPhase section */
		D32BFBB927C41F0F00330F5F /* Sources */ = {
			isa = PBXSourcesBuildPhase;
			buildActionMask = 2147483647;
			files = (
				D3E696CB27DC135F006F9623 /* lexical_category.swift in Sources */,
				D32BFBDD27C41F8900330F5F /* word_view.swift in Sources */,
				D3B2807427DE818700C0CA9D /* drawing_constants.swift in Sources */,
				D32BFBEA27C4787400330F5F /* oxford_response.swift in Sources */,
				D32BFBDB27C41F8900330F5F /* word_database.swift in Sources */,
				D32BFBDF27C41F8900330F5F /* content_view.swift in Sources */,
				D3E696C327DC127F006F9623 /* word_data.swift in Sources */,
				D3E696C527DC12C1006F9623 /* word_example.swift in Sources */,
				D32BFBE027C41F8900330F5F /* saved_word_list_view.swift in Sources */,
				D32BFBDE27C41F8900330F5F /* words_controller.swift in Sources */,
				D3E696C727DC12F2006F9623 /* word_sense.swift in Sources */,
				D3B2807627DED75900C0CA9D /* word_pronunciation.swift in Sources */,
				D3B2807827E04EB900C0CA9D /* word_of_the_day_view.swift in Sources */,
				D3E696CD27DC1381006F9623 /* lexical_entry.swift in Sources */,
				D3E696C927DC130B006F9623 /* word_entry.swift in Sources */,
				D3B2807227DE7EEC00C0CA9D /* saved_word_list_item_view.swift in Sources */,
				D32BFBDA27C41F8900330F5F /* leek_app.swift in Sources */,
				D32BFBDC27C41F8900330F5F /* word.swift in Sources */,
				D3B234E127E3C8F000779A6C /* word_of_the_day_entries.swift in Sources */,
				D32BFBE827C42E1F00330F5F /* oxford_query_utility.swift in Sources */,
			);
			runOnlyForDeploymentPostprocessing = 0;
		};
/* End PBXSourcesBuildPhase section */

/* Begin XCBuildConfiguration section */
		D32BFBC927C41F1200330F5F /* Debug */ = {
			isa = XCBuildConfiguration;
			buildSettings = {
				ALWAYS_SEARCH_USER_PATHS = NO;
				CLANG_ANALYZER_NONNULL = YES;
				CLANG_ANALYZER_NUMBER_OBJECT_CONVERSION = YES_AGGRESSIVE;
				CLANG_CXX_LANGUAGE_STANDARD = "gnu++17";
				CLANG_CXX_LIBRARY = "libc++";
				CLANG_ENABLE_MODULES = YES;
				CLANG_ENABLE_OBJC_ARC = YES;
				CLANG_ENABLE_OBJC_WEAK = YES;
				CLANG_WARN_BLOCK_CAPTURE_AUTORELEASING = YES;
				CLANG_WARN_BOOL_CONVERSION = YES;
				CLANG_WARN_COMMA = YES;
				CLANG_WARN_CONSTANT_CONVERSION = YES;
				CLANG_WARN_DEPRECATED_OBJC_IMPLEMENTATIONS = YES;
				CLANG_WARN_DIRECT_OBJC_ISA_USAGE = YES_ERROR;
				CLANG_WARN_DOCUMENTATION_COMMENTS = YES;
				CLANG_WARN_EMPTY_BODY = YES;
				CLANG_WARN_ENUM_CONVERSION = YES;
				CLANG_WARN_INFINITE_RECURSION = YES;
				CLANG_WARN_INT_CONVERSION = YES;
				CLANG_WARN_NON_LITERAL_NULL_CONVERSION = YES;
				CLANG_WARN_OBJC_IMPLICIT_RETAIN_SELF = YES;
				CLANG_WARN_OBJC_LITERAL_CONVERSION = YES;
				CLANG_WARN_OBJC_ROOT_CLASS = YES_ERROR;
				CLANG_WARN_QUOTED_INCLUDE_IN_FRAMEWORK_HEADER = YES;
				CLANG_WARN_RANGE_LOOP_ANALYSIS = YES;
				CLANG_WARN_STRICT_PROTOTYPES = YES;
				CLANG_WARN_SUSPICIOUS_MOVE = YES;
				CLANG_WARN_UNGUARDED_AVAILABILITY = YES_AGGRESSIVE;
				CLANG_WARN_UNREACHABLE_CODE = YES;
				CLANG_WARN__DUPLICATE_METHOD_MATCH = YES;
				COPY_PHASE_STRIP = NO;
				DEBUG_INFORMATION_FORMAT = dwarf;
				ENABLE_STRICT_OBJC_MSGSEND = YES;
				ENABLE_TESTABILITY = YES;
				GCC_C_LANGUAGE_STANDARD = gnu11;
				GCC_DYNAMIC_NO_PIC = NO;
				GCC_NO_COMMON_BLOCKS = YES;
				GCC_OPTIMIZATION_LEVEL = 0;
				GCC_PREPROCESSOR_DEFINITIONS = (
					"DEBUG=1",
					"$(inherited)",
				);
				GCC_WARN_64_TO_32_BIT_CONVERSION = YES;
				GCC_WARN_ABOUT_RETURN_TYPE = YES_ERROR;
				GCC_WARN_UNDECLARED_SELECTOR = YES;
				GCC_WARN_UNINITIALIZED_AUTOS = YES_AGGRESSIVE;
				GCC_WARN_UNUSED_FUNCTION = YES;
				GCC_WARN_UNUSED_VARIABLE = YES;
				IPHONEOS_DEPLOYMENT_TARGET = 15.2;
				MTL_ENABLE_DEBUG_INFO = INCLUDE_SOURCE;
				MTL_FAST_MATH = YES;
				ONLY_ACTIVE_ARCH = YES;
				SDKROOT = iphoneos;
				SWIFT_ACTIVE_COMPILATION_CONDITIONS = DEBUG;
				SWIFT_OPTIMIZATION_LEVEL = "-Onone";
			};
			name = Debug;
		};
		D32BFBCA27C41F1200330F5F /* Release */ = {
			isa = XCBuildConfiguration;
			buildSettings = {
				ALWAYS_SEARCH_USER_PATHS = NO;
				CLANG_ANALYZER_NONNULL = YES;
				CLANG_ANALYZER_NUMBER_OBJECT_CONVERSION = YES_AGGRESSIVE;
				CLANG_CXX_LANGUAGE_STANDARD = "gnu++17";
				CLANG_CXX_LIBRARY = "libc++";
				CLANG_ENABLE_MODULES = YES;
				CLANG_ENABLE_OBJC_ARC = YES;
				CLANG_ENABLE_OBJC_WEAK = YES;
				CLANG_WARN_BLOCK_CAPTURE_AUTORELEASING = YES;
				CLANG_WARN_BOOL_CONVERSION = YES;
				CLANG_WARN_COMMA = YES;
				CLANG_WARN_CONSTANT_CONVERSION = YES;
				CLANG_WARN_DEPRECATED_OBJC_IMPLEMENTATIONS = YES;
				CLANG_WARN_DIRECT_OBJC_ISA_USAGE = YES_ERROR;
				CLANG_WARN_DOCUMENTATION_COMMENTS = YES;
				CLANG_WARN_EMPTY_BODY = YES;
				CLANG_WARN_ENUM_CONVERSION = YES;
				CLANG_WARN_INFINITE_RECURSION = YES;
				CLANG_WARN_INT_CONVERSION = YES;
				CLANG_WARN_NON_LITERAL_NULL_CONVERSION = YES;
				CLANG_WARN_OBJC_IMPLICIT_RETAIN_SELF = YES;
				CLANG_WARN_OBJC_LITERAL_CONVERSION = YES;
				CLANG_WARN_OBJC_ROOT_CLASS = YES_ERROR;
				CLANG_WARN_QUOTED_INCLUDE_IN_FRAMEWORK_HEADER = YES;
				CLANG_WARN_RANGE_LOOP_ANALYSIS = YES;
				CLANG_WARN_STRICT_PROTOTYPES = YES;
				CLANG_WARN_SUSPICIOUS_MOVE = YES;
				CLANG_WARN_UNGUARDED_AVAILABILITY = YES_AGGRESSIVE;
				CLANG_WARN_UNREACHABLE_CODE = YES;
				CLANG_WARN__DUPLICATE_METHOD_MATCH = YES;
				COPY_PHASE_STRIP = NO;
				DEBUG_INFORMATION_FORMAT = "dwarf-with-dsym";
				ENABLE_NS_ASSERTIONS = NO;
				ENABLE_STRICT_OBJC_MSGSEND = YES;
				GCC_C_LANGUAGE_STANDARD = gnu11;
				GCC_NO_COMMON_BLOCKS = YES;
				GCC_WARN_64_TO_32_BIT_CONVERSION = YES;
				GCC_WARN_ABOUT_RETURN_TYPE = YES_ERROR;
				GCC_WARN_UNDECLARED_SELECTOR = YES;
				GCC_WARN_UNINITIALIZED_AUTOS = YES_AGGRESSIVE;
				GCC_WARN_UNUSED_FUNCTION = YES;
				GCC_WARN_UNUSED_VARIABLE = YES;
				IPHONEOS_DEPLOYMENT_TARGET = 15.2;
				MTL_ENABLE_DEBUG_INFO = NO;
				MTL_FAST_MATH = YES;
				SDKROOT = iphoneos;
				SWIFT_COMPILATION_MODE = wholemodule;
				SWIFT_OPTIMIZATION_LEVEL = "-O";
				VALIDATE_PRODUCT = YES;
			};
			name = Release;
		};
		D32BFBCC27C41F1200330F5F /* Debug */ = {
			isa = XCBuildConfiguration;
			buildSettings = {
				ASSETCATALOG_COMPILER_APPICON_NAME = AppIcon;
				ASSETCATALOG_COMPILER_GLOBAL_ACCENT_COLOR_NAME = AccentColor;
				CLANG_ENABLE_MODULES = YES;
				CODE_SIGN_STYLE = Automatic;
				CURRENT_PROJECT_VERSION = 1;
				DEVELOPMENT_ASSET_PATHS = "\"leek/Preview Content\"";
				DEVELOPMENT_TEAM = 3M3DL6QATH;
				ENABLE_PREVIEWS = YES;
				GENERATE_INFOPLIST_FILE = YES;
				INFOPLIST_FILE = leek/Info.plist;
				INFOPLIST_KEY_CFBundleDisplayName = Leek;
				INFOPLIST_KEY_UIApplicationSceneManifest_Generation = YES;
				INFOPLIST_KEY_UIApplicationSupportsIndirectInputEvents = YES;
				INFOPLIST_KEY_UILaunchScreen_Generation = YES;
				INFOPLIST_KEY_UISupportedInterfaceOrientations_iPad = "UIInterfaceOrientationPortrait UIInterfaceOrientationPortraitUpsideDown UIInterfaceOrientationLandscapeLeft UIInterfaceOrientationLandscapeRight";
				INFOPLIST_KEY_UISupportedInterfaceOrientations_iPhone = "UIInterfaceOrientationPortrait UIInterfaceOrientationLandscapeLeft UIInterfaceOrientationLandscapeRight";
				IPHONEOS_DEPLOYMENT_TARGET = 15.2;
				LD_RUNPATH_SEARCH_PATHS = (
					"$(inherited)",
					"@executable_path/Frameworks",
				);
				MARKETING_VERSION = 1.0;
				PRODUCT_BUNDLE_IDENTIFIER = com.gmail.daniel.e.toby.leek;
				PRODUCT_NAME = "$(TARGET_NAME)";
				SWIFT_EMIT_LOC_STRINGS = YES;
				SWIFT_OPTIMIZATION_LEVEL = "-Onone";
				SWIFT_VERSION = 5.0;
				TARGETED_DEVICE_FAMILY = "1,2";
			};
			name = Debug;
		};
		D32BFBCD27C41F1200330F5F /* Release */ = {
			isa = XCBuildConfiguration;
			buildSettings = {
				ASSETCATALOG_COMPILER_APPICON_NAME = AppIcon;
				ASSETCATALOG_COMPILER_GLOBAL_ACCENT_COLOR_NAME = AccentColor;
				CLANG_ENABLE_MODULES = YES;
				CODE_SIGN_STYLE = Automatic;
				CURRENT_PROJECT_VERSION = 1;
				DEVELOPMENT_ASSET_PATHS = "\"leek/Preview Content\"";
				DEVELOPMENT_TEAM = 3M3DL6QATH;
				ENABLE_PREVIEWS = YES;
				GENERATE_INFOPLIST_FILE = YES;
				INFOPLIST_FILE = leek/Info.plist;
				INFOPLIST_KEY_CFBundleDisplayName = Leek;
				INFOPLIST_KEY_UIApplicationSceneManifest_Generation = YES;
				INFOPLIST_KEY_UIApplicationSupportsIndirectInputEvents = YES;
				INFOPLIST_KEY_UILaunchScreen_Generation = YES;
				INFOPLIST_KEY_UISupportedInterfaceOrientations_iPad = "UIInterfaceOrientationPortrait UIInterfaceOrientationPortraitUpsideDown UIInterfaceOrientationLandscapeLeft UIInterfaceOrientationLandscapeRight";
				INFOPLIST_KEY_UISupportedInterfaceOrientations_iPhone = "UIInterfaceOrientationPortrait UIInterfaceOrientationLandscapeLeft UIInterfaceOrientationLandscapeRight";
				IPHONEOS_DEPLOYMENT_TARGET = 15.2;
				LD_RUNPATH_SEARCH_PATHS = (
					"$(inherited)",
					"@executable_path/Frameworks",
				);
				MARKETING_VERSION = 1.0;
				PRODUCT_BUNDLE_IDENTIFIER = com.gmail.daniel.e.toby.leek;
				PRODUCT_NAME = "$(TARGET_NAME)";
				SWIFT_EMIT_LOC_STRINGS = YES;
				SWIFT_VERSION = 5.0;
				TARGETED_DEVICE_FAMILY = "1,2";
			};
			name = Release;
		};
/* End XCBuildConfiguration section */

/* Begin XCConfigurationList section */
		D32BFBB827C41F0F00330F5F /* Build configuration list for PBXProject "leek" */ = {
			isa = XCConfigurationList;
			buildConfigurations = (
				D32BFBC927C41F1200330F5F /* Debug */,
				D32BFBCA27C41F1200330F5F /* Release */,
			);
			defaultConfigurationIsVisible = 0;
			defaultConfigurationName = Release;
		};
		D32BFBCB27C41F1200330F5F /* Build configuration list for PBXNativeTarget "leek" */ = {
			isa = XCConfigurationList;
			buildConfigurations = (
				D32BFBCC27C41F1200330F5F /* Debug */,
				D32BFBCD27C41F1200330F5F /* Release */,
			);
			defaultConfigurationIsVisible = 0;
			defaultConfigurationName = Release;
		};
/* End XCConfigurationList section */
	};
	rootObject = D32BFBB527C41F0F00330F5F /* Project object */;
}
